// !$*UTF8*$!
{
	archiveVersion = 1;
	classes = {
	};
	objectVersion = 45;
	objects = {

/* Begin PBXBuildFile section */
		0A6D1E3F10EE561700E941EE /* Entitlements.plist in Resources */ = {isa = PBXBuildFile; fileRef = 0A6D1E3E10EE561700E941EE /* Entitlements.plist */; };
		0A7DED4F10EE79160028D49B /* TalkListModel.m in Sources */ = {isa = PBXBuildFile; fileRef = 0A7DED4E10EE79160028D49B /* TalkListModel.m */; };
		0A7DED5210EE79200028D49B /* TalkDetailModel.m in Sources */ = {isa = PBXBuildFile; fileRef = 0A7DED5110EE79200028D49B /* TalkDetailModel.m */; };
		0A7DEE0010EE844B0028D49B /* TalkDetailViewController.m in Sources */ = {isa = PBXBuildFile; fileRef = 0A7DEDFE10EE844B0028D49B /* TalkDetailViewController.m */; };
		0A7DEE0110EE844B0028D49B /* TalkDetailView.xib in Resources */ = {isa = PBXBuildFile; fileRef = 0A7DEDFF10EE844B0028D49B /* TalkDetailView.xib */; };
		0A7DEFF710EEDC510028D49B /* EventDetailViewFixed.xib in Resources */ = {isa = PBXBuildFile; fileRef = 0A7DEFF610EEDC510028D49B /* EventDetailViewFixed.xib */; };
		0A7DF07A10EFAEAA0028D49B /* EventDescriptionViewController.m in Sources */ = {isa = PBXBuildFile; fileRef = 0A7DF07810EFAEAA0028D49B /* EventDescriptionViewController.m */; };
		0A7DF07B10EFAEAA0028D49B /* EventDescriptionView.xib in Resources */ = {isa = PBXBuildFile; fileRef = 0A7DF07910EFAEAA0028D49B /* EventDescriptionView.xib */; };
		0A7DF15C10EFEF060028D49B /* EventGetEventList.m in Sources */ = {isa = PBXBuildFile; fileRef = 0A7DF15B10EFEF060028D49B /* EventGetEventList.m */; };
		0A7DF19610EFF86B0028D49B /* EventGetTalks.m in Sources */ = {isa = PBXBuildFile; fileRef = 0A7DF19510EFF86B0028D49B /* EventGetTalks.m */; };
		0A7DF2A510F00A560028D49B /* SplashScreenViewController.m in Sources */ = {isa = PBXBuildFile; fileRef = 0A7DF2A310F00A560028D49B /* SplashScreenViewController.m */; };
		0AB4A60A10EC37DB003A48FC /* EventDetailViewController.m in Sources */ = {isa = PBXBuildFile; fileRef = 0AB4A60810EC37DB003A48FC /* EventDetailViewController.m */; };
		0AB4A65910ED5C9F003A48FC /* NSObject+SBJSON.m in Sources */ = {isa = PBXBuildFile; fileRef = 0AB4A64E10ED5C9F003A48FC /* NSObject+SBJSON.m */; };
		0AB4A65A10ED5C9F003A48FC /* NSString+SBJSON.m in Sources */ = {isa = PBXBuildFile; fileRef = 0AB4A65010ED5C9F003A48FC /* NSString+SBJSON.m */; };
		0AB4A65B10ED5C9F003A48FC /* SBJSON.m in Sources */ = {isa = PBXBuildFile; fileRef = 0AB4A65210ED5C9F003A48FC /* SBJSON.m */; };
		0AB4A65C10ED5C9F003A48FC /* SBJsonBase.m in Sources */ = {isa = PBXBuildFile; fileRef = 0AB4A65410ED5C9F003A48FC /* SBJsonBase.m */; };
		0AB4A65D10ED5C9F003A48FC /* SBJsonParser.m in Sources */ = {isa = PBXBuildFile; fileRef = 0AB4A65610ED5C9F003A48FC /* SBJsonParser.m */; };
		0AB4A65E10ED5C9F003A48FC /* SBJsonWriter.m in Sources */ = {isa = PBXBuildFile; fileRef = 0AB4A65810ED5C9F003A48FC /* SBJsonWriter.m */; };
		0AB4A69E10ED8986003A48FC /* EventDetailModel.m in Sources */ = {isa = PBXBuildFile; fileRef = 0AB4A69D10ED8986003A48FC /* EventDetailModel.m */; };
		0AB4A6A110ED8999003A48FC /* EventListModel.m in Sources */ = {isa = PBXBuildFile; fileRef = 0AB4A6A010ED8999003A48FC /* EventListModel.m */; };
		0AB4A6D610EE0BBC003A48FC /* APICaller.m in Sources */ = {isa = PBXBuildFile; fileRef = 0AB4A6D510EE0BBC003A48FC /* APICaller.m */; };
		0AE8579010F0214E002C4C98 /* appicon.png in Resources */ = {isa = PBXBuildFile; fileRef = 0AE8578F10F0214E002C4C98 /* appicon.png */; };
		0AE857AA10F024A5002C4C98 /* rating-0.gif in Resources */ = {isa = PBXBuildFile; fileRef = 0AE857A410F024A5002C4C98 /* rating-0.gif */; };
		0AE857AB10F024A5002C4C98 /* rating-1.gif in Resources */ = {isa = PBXBuildFile; fileRef = 0AE857A510F024A5002C4C98 /* rating-1.gif */; };
		0AE857AC10F024A5002C4C98 /* rating-2.gif in Resources */ = {isa = PBXBuildFile; fileRef = 0AE857A610F024A5002C4C98 /* rating-2.gif */; };
		0AE857AD10F024A5002C4C98 /* rating-3.gif in Resources */ = {isa = PBXBuildFile; fileRef = 0AE857A710F024A5002C4C98 /* rating-3.gif */; };
		0AE857AE10F024A5002C4C98 /* rating-4.gif in Resources */ = {isa = PBXBuildFile; fileRef = 0AE857A810F024A5002C4C98 /* rating-4.gif */; };
		0AE857AF10F024A5002C4C98 /* rating-5.gif in Resources */ = {isa = PBXBuildFile; fileRef = 0AE857A910F024A5002C4C98 /* rating-5.gif */; };
		0AF708F610F0107200CDEBE6 /* SplashScreenView.xib in Resources */ = {isa = PBXBuildFile; fileRef = 0AF708F510F0107200CDEBE6 /* SplashScreenView.xib */; };
		0AF7099410F01AFE00CDEBE6 /* logo.gif in Resources */ = {isa = PBXBuildFile; fileRef = 0AF7099310F01AFE00CDEBE6 /* logo.gif */; };
		0AF709C810F01EB600CDEBE6 /* Default.png in Resources */ = {isa = PBXBuildFile; fileRef = 0AF709C710F01EB600CDEBE6 /* Default.png */; };
		1D3623260D0F684500981E51 /* joindinappAppDelegate.m in Sources */ = {isa = PBXBuildFile; fileRef = 1D3623250D0F684500981E51 /* joindinappAppDelegate.m */; };
		1D60589B0D05DD56006BFB54 /* main.m in Sources */ = {isa = PBXBuildFile; fileRef = 29B97316FDCFA39411CA2CEA /* main.m */; };
		1D60589F0D05DD5A006BFB54 /* Foundation.framework in Frameworks */ = {isa = PBXBuildFile; fileRef = 1D30AB110D05D00D00671497 /* Foundation.framework */; };
		1DF5F4E00D08C38300B7A737 /* UIKit.framework in Frameworks */ = {isa = PBXBuildFile; fileRef = 1DF5F4DF0D08C38300B7A737 /* UIKit.framework */; };
		2892E4100DC94CBA00A64D0F /* CoreGraphics.framework in Frameworks */ = {isa = PBXBuildFile; fileRef = 2892E40F0DC94CBA00A64D0F /* CoreGraphics.framework */; };
		28AD73600D9D9599002E5188 /* MainWindow.xib in Resources */ = {isa = PBXBuildFile; fileRef = 28AD735F0D9D9599002E5188 /* MainWindow.xib */; };
		28C286E10D94DF7D0034E888 /* EventListViewController.m in Sources */ = {isa = PBXBuildFile; fileRef = 28C286E00D94DF7D0034E888 /* EventListViewController.m */; };
		28F335F11007B36200424DE2 /* EventListView.xib in Resources */ = {isa = PBXBuildFile; fileRef = 28F335F01007B36200424DE2 /* EventListView.xib */; };
/* End PBXBuildFile section */

/* Begin PBXFileReference section */
		0A6D1E3E10EE561700E941EE /* Entitlements.plist */ = {isa = PBXFileReference; fileEncoding = 4; lastKnownFileType = text.plist.xml; path = Entitlements.plist; sourceTree = "<group>"; };
		0A7DED4D10EE79160028D49B /* TalkListModel.h */ = {isa = PBXFileReference; fileEncoding = 4; lastKnownFileType = sourcecode.c.h; path = TalkListModel.h; sourceTree = "<group>"; };
		0A7DED4E10EE79160028D49B /* TalkListModel.m */ = {isa = PBXFileReference; fileEncoding = 4; lastKnownFileType = sourcecode.c.objc; path = TalkListModel.m; sourceTree = "<group>"; };
		0A7DED5010EE79200028D49B /* TalkDetailModel.h */ = {isa = PBXFileReference; fileEncoding = 4; lastKnownFileType = sourcecode.c.h; path = TalkDetailModel.h; sourceTree = "<group>"; };
		0A7DED5110EE79200028D49B /* TalkDetailModel.m */ = {isa = PBXFileReference; fileEncoding = 4; lastKnownFileType = sourcecode.c.objc; path = TalkDetailModel.m; sourceTree = "<group>"; };
		0A7DEDFD10EE844B0028D49B /* TalkDetailViewController.h */ = {isa = PBXFileReference; fileEncoding = 4; lastKnownFileType = sourcecode.c.h; path = TalkDetailViewController.h; sourceTree = "<group>"; };
		0A7DEDFE10EE844B0028D49B /* TalkDetailViewController.m */ = {isa = PBXFileReference; fileEncoding = 4; lastKnownFileType = sourcecode.c.objc; path = TalkDetailViewController.m; sourceTree = "<group>"; };
		0A7DEDFF10EE844B0028D49B /* TalkDetailView.xib */ = {isa = PBXFileReference; lastKnownFileType = file.xib; name = TalkDetailView.xib; path = Classes/TalkDetailView.xib; sourceTree = "<group>"; };
		0A7DEFF610EEDC510028D49B /* EventDetailViewFixed.xib */ = {isa = PBXFileReference; lastKnownFileType = file.xib; path = EventDetailViewFixed.xib; sourceTree = "<group>"; };
		0A7DF07710EFAEAA0028D49B /* EventDescriptionViewController.h */ = {isa = PBXFileReference; fileEncoding = 4; lastKnownFileType = sourcecode.c.h; path = EventDescriptionViewController.h; sourceTree = "<group>"; };
		0A7DF07810EFAEAA0028D49B /* EventDescriptionViewController.m */ = {isa = PBXFileReference; fileEncoding = 4; lastKnownFileType = sourcecode.c.objc; path = EventDescriptionViewController.m; sourceTree = "<group>"; };
		0A7DF07910EFAEAA0028D49B /* EventDescriptionView.xib */ = {isa = PBXFileReference; lastKnownFileType = file.xib; name = EventDescriptionView.xib; path = Classes/EventDescriptionView.xib; sourceTree = "<group>"; };
		0A7DF15A10EFEF060028D49B /* EventGetEventList.h */ = {isa = PBXFileReference; fileEncoding = 4; lastKnownFileType = sourcecode.c.h; path = EventGetEventList.h; sourceTree = "<group>"; };
		0A7DF15B10EFEF060028D49B /* EventGetEventList.m */ = {isa = PBXFileReference; fileEncoding = 4; lastKnownFileType = sourcecode.c.objc; path = EventGetEventList.m; sourceTree = "<group>"; };
		0A7DF19410EFF86B0028D49B /* EventGetTalks.h */ = {isa = PBXFileReference; fileEncoding = 4; lastKnownFileType = sourcecode.c.h; path = EventGetTalks.h; sourceTree = "<group>"; };
		0A7DF19510EFF86B0028D49B /* EventGetTalks.m */ = {isa = PBXFileReference; fileEncoding = 4; lastKnownFileType = sourcecode.c.objc; path = EventGetTalks.m; sourceTree = "<group>"; };
		0A7DF2A210F00A560028D49B /* SplashScreenViewController.h */ = {isa = PBXFileReference; fileEncoding = 4; lastKnownFileType = sourcecode.c.h; path = SplashScreenViewController.h; sourceTree = "<group>"; };
		0A7DF2A310F00A560028D49B /* SplashScreenViewController.m */ = {isa = PBXFileReference; fileEncoding = 4; lastKnownFileType = sourcecode.c.objc; path = SplashScreenViewController.m; sourceTree = "<group>"; };
		0AB4A60710EC37DB003A48FC /* EventDetailViewController.h */ = {isa = PBXFileReference; fileEncoding = 4; lastKnownFileType = sourcecode.c.h; path = EventDetailViewController.h; sourceTree = "<group>"; };
		0AB4A60810EC37DB003A48FC /* EventDetailViewController.m */ = {isa = PBXFileReference; fileEncoding = 4; lastKnownFileType = sourcecode.c.objc; path = EventDetailViewController.m; sourceTree = "<group>"; };
		0AB4A64C10ED5C9F003A48FC /* JSON.h */ = {isa = PBXFileReference; fileEncoding = 4; lastKnownFileType = sourcecode.c.h; path = JSON.h; sourceTree = "<group>"; };
		0AB4A64D10ED5C9F003A48FC /* NSObject+SBJSON.h */ = {isa = PBXFileReference; fileEncoding = 4; lastKnownFileType = sourcecode.c.h; path = "NSObject+SBJSON.h"; sourceTree = "<group>"; };
		0AB4A64E10ED5C9F003A48FC /* NSObject+SBJSON.m */ = {isa = PBXFileReference; fileEncoding = 4; lastKnownFileType = sourcecode.c.objc; path = "NSObject+SBJSON.m"; sourceTree = "<group>"; };
		0AB4A64F10ED5C9F003A48FC /* NSString+SBJSON.h */ = {isa = PBXFileReference; fileEncoding = 4; lastKnownFileType = sourcecode.c.h; path = "NSString+SBJSON.h"; sourceTree = "<group>"; };
		0AB4A65010ED5C9F003A48FC /* NSString+SBJSON.m */ = {isa = PBXFileReference; fileEncoding = 4; lastKnownFileType = sourcecode.c.objc; path = "NSString+SBJSON.m"; sourceTree = "<group>"; };
		0AB4A65110ED5C9F003A48FC /* SBJSON.h */ = {isa = PBXFileReference; fileEncoding = 4; lastKnownFileType = sourcecode.c.h; path = SBJSON.h; sourceTree = "<group>"; };
		0AB4A65210ED5C9F003A48FC /* SBJSON.m */ = {isa = PBXFileReference; fileEncoding = 4; lastKnownFileType = sourcecode.c.objc; path = SBJSON.m; sourceTree = "<group>"; };
		0AB4A65310ED5C9F003A48FC /* SBJsonBase.h */ = {isa = PBXFileReference; fileEncoding = 4; lastKnownFileType = sourcecode.c.h; path = SBJsonBase.h; sourceTree = "<group>"; };
		0AB4A65410ED5C9F003A48FC /* SBJsonBase.m */ = {isa = PBXFileReference; fileEncoding = 4; lastKnownFileType = sourcecode.c.objc; path = SBJsonBase.m; sourceTree = "<group>"; };
		0AB4A65510ED5C9F003A48FC /* SBJsonParser.h */ = {isa = PBXFileReference; fileEncoding = 4; lastKnownFileType = sourcecode.c.h; path = SBJsonParser.h; sourceTree = "<group>"; };
		0AB4A65610ED5C9F003A48FC /* SBJsonParser.m */ = {isa = PBXFileReference; fileEncoding = 4; lastKnownFileType = sourcecode.c.objc; path = SBJsonParser.m; sourceTree = "<group>"; };
		0AB4A65710ED5C9F003A48FC /* SBJsonWriter.h */ = {isa = PBXFileReference; fileEncoding = 4; lastKnownFileType = sourcecode.c.h; path = SBJsonWriter.h; sourceTree = "<group>"; };
		0AB4A65810ED5C9F003A48FC /* SBJsonWriter.m */ = {isa = PBXFileReference; fileEncoding = 4; lastKnownFileType = sourcecode.c.objc; path = SBJsonWriter.m; sourceTree = "<group>"; };
		0AB4A69C10ED8986003A48FC /* EventDetailModel.h */ = {isa = PBXFileReference; fileEncoding = 4; lastKnownFileType = sourcecode.c.h; path = EventDetailModel.h; sourceTree = "<group>"; };
		0AB4A69D10ED8986003A48FC /* EventDetailModel.m */ = {isa = PBXFileReference; fileEncoding = 4; lastKnownFileType = sourcecode.c.objc; path = EventDetailModel.m; sourceTree = "<group>"; };
		0AB4A69F10ED8999003A48FC /* EventListModel.h */ = {isa = PBXFileReference; fileEncoding = 4; lastKnownFileType = sourcecode.c.h; path = EventListModel.h; sourceTree = "<group>"; };
		0AB4A6A010ED8999003A48FC /* EventListModel.m */ = {isa = PBXFileReference; fileEncoding = 4; lastKnownFileType = sourcecode.c.objc; path = EventListModel.m; sourceTree = "<group>"; };
		0AB4A6D410EE0BBC003A48FC /* APICaller.h */ = {isa = PBXFileReference; fileEncoding = 4; lastKnownFileType = sourcecode.c.h; path = APICaller.h; sourceTree = "<group>"; };
		0AB4A6D510EE0BBC003A48FC /* APICaller.m */ = {isa = PBXFileReference; fileEncoding = 4; lastKnownFileType = sourcecode.c.objc; path = APICaller.m; sourceTree = "<group>"; };
		0AE8578F10F0214E002C4C98 /* appicon.png */ = {isa = PBXFileReference; lastKnownFileType = image.png; path = appicon.png; sourceTree = "<group>"; };
		0AE857A410F024A5002C4C98 /* rating-0.gif */ = {isa = PBXFileReference; lastKnownFileType = image.gif; path = "rating-0.gif"; sourceTree = "<group>"; };
		0AE857A510F024A5002C4C98 /* rating-1.gif */ = {isa = PBXFileReference; lastKnownFileType = image.gif; path = "rating-1.gif"; sourceTree = "<group>"; };
		0AE857A610F024A5002C4C98 /* rating-2.gif */ = {isa = PBXFileReference; lastKnownFileType = image.gif; path = "rating-2.gif"; sourceTree = "<group>"; };
		0AE857A710F024A5002C4C98 /* rating-3.gif */ = {isa = PBXFileReference; lastKnownFileType = image.gif; path = "rating-3.gif"; sourceTree = "<group>"; };
		0AE857A810F024A5002C4C98 /* rating-4.gif */ = {isa = PBXFileReference; lastKnownFileType = image.gif; path = "rating-4.gif"; sourceTree = "<group>"; };
		0AE857A910F024A5002C4C98 /* rating-5.gif */ = {isa = PBXFileReference; lastKnownFileType = image.gif; path = "rating-5.gif"; sourceTree = "<group>"; };
		0AF708F510F0107200CDEBE6 /* SplashScreenView.xib */ = {isa = PBXFileReference; lastKnownFileType = file.xib; path = SplashScreenView.xib; sourceTree = "<group>"; };
		0AF7099310F01AFE00CDEBE6 /* logo.gif */ = {isa = PBXFileReference; lastKnownFileType = image.gif; path = logo.gif; sourceTree = "<group>"; };
		0AF709C710F01EB600CDEBE6 /* Default.png */ = {isa = PBXFileReference; lastKnownFileType = image.png; path = Default.png; sourceTree = "<group>"; };
		1D30AB110D05D00D00671497 /* Foundation.framework */ = {isa = PBXFileReference; lastKnownFileType = wrapper.framework; name = Foundation.framework; path = System/Library/Frameworks/Foundation.framework; sourceTree = SDKROOT; };
		1D3623240D0F684500981E51 /* joindinappAppDelegate.h */ = {isa = PBXFileReference; fileEncoding = 4; lastKnownFileType = sourcecode.c.h; path = joindinappAppDelegate.h; sourceTree = "<group>"; };
		1D3623250D0F684500981E51 /* joindinappAppDelegate.m */ = {isa = PBXFileReference; fileEncoding = 4; lastKnownFileType = sourcecode.c.objc; path = joindinappAppDelegate.m; sourceTree = "<group>"; };
		1D6058910D05DD3D006BFB54 /* joindinapp.app */ = {isa = PBXFileReference; explicitFileType = wrapper.application; includeInIndex = 0; path = joindinapp.app; sourceTree = BUILT_PRODUCTS_DIR; };
		1DF5F4DF0D08C38300B7A737 /* UIKit.framework */ = {isa = PBXFileReference; lastKnownFileType = wrapper.framework; name = UIKit.framework; path = System/Library/Frameworks/UIKit.framework; sourceTree = SDKROOT; };
		2892E40F0DC94CBA00A64D0F /* CoreGraphics.framework */ = {isa = PBXFileReference; lastKnownFileType = wrapper.framework; name = CoreGraphics.framework; path = System/Library/Frameworks/CoreGraphics.framework; sourceTree = SDKROOT; };
		28A0AAE50D9B0CCF005BE974 /* joindinapp_Prefix.pch */ = {isa = PBXFileReference; fileEncoding = 4; lastKnownFileType = sourcecode.c.h; path = joindinapp_Prefix.pch; sourceTree = "<group>"; };
		28AD735F0D9D9599002E5188 /* MainWindow.xib */ = {isa = PBXFileReference; lastKnownFileType = file.xib; path = MainWindow.xib; sourceTree = "<group>"; };
		28C286DF0D94DF7D0034E888 /* EventListViewController.h */ = {isa = PBXFileReference; fileEncoding = 4; lastKnownFileType = sourcecode.c.h; path = EventListViewController.h; sourceTree = "<group>"; };
		28C286E00D94DF7D0034E888 /* EventListViewController.m */ = {isa = PBXFileReference; fileEncoding = 4; lastKnownFileType = sourcecode.c.objc; path = EventListViewController.m; sourceTree = "<group>"; };
		28F335F01007B36200424DE2 /* EventListView.xib */ = {isa = PBXFileReference; lastKnownFileType = file.xib; path = EventListView.xib; sourceTree = "<group>"; };
		29B97316FDCFA39411CA2CEA /* main.m */ = {isa = PBXFileReference; fileEncoding = 4; lastKnownFileType = sourcecode.c.objc; path = main.m; sourceTree = "<group>"; };
		8D1107310486CEB800E47090 /* joindinapp-Info.plist */ = {isa = PBXFileReference; fileEncoding = 4; lastKnownFileType = text.plist.xml; path = "joindinapp-Info.plist"; plistStructureDefinitionIdentifier = "com.apple.xcode.plist.structure-definition.iphone.info-plist"; sourceTree = "<group>"; };
/* End PBXFileReference section */

/* Begin PBXFrameworksBuildPhase section */
		1D60588F0D05DD3D006BFB54 /* Frameworks */ = {
			isa = PBXFrameworksBuildPhase;
			buildActionMask = 2147483647;
			files = (
				1D60589F0D05DD5A006BFB54 /* Foundation.framework in Frameworks */,
				1DF5F4E00D08C38300B7A737 /* UIKit.framework in Frameworks */,
				2892E4100DC94CBA00A64D0F /* CoreGraphics.framework in Frameworks */,
			);
			runOnlyForDeploymentPostprocessing = 0;
		};
/* End PBXFrameworksBuildPhase section */

/* Begin PBXGroup section */
		080E96DDFE201D6D7F000001 /* Classes */ = {
			isa = PBXGroup;
			children = (
				0A7DF15910EFEEB70028D49B /* API caller */,
				0AB4A6CA10EE0818003A48FC /* Utils */,
				0A8E195D10EE328E00F0F885 /* View controllers */,
				0AB4A69B10ED882A003A48FC /* Models */,
				0AB4A64B10ED5C9F003A48FC /* JSON */,
				1D3623240D0F684500981E51 /* joindinappAppDelegate.h */,
				1D3623250D0F684500981E51 /* joindinappAppDelegate.m */,
			);
			path = Classes;
			sourceTree = "<group>";
		};
		0A7DF15910EFEEB70028D49B /* API caller */ = {
			isa = PBXGroup;
			children = (
				0AB4A6D410EE0BBC003A48FC /* APICaller.h */,
				0AB4A6D510EE0BBC003A48FC /* APICaller.m */,
				0A7DF15A10EFEF060028D49B /* EventGetEventList.h */,
				0A7DF15B10EFEF060028D49B /* EventGetEventList.m */,
				0A7DF19410EFF86B0028D49B /* EventGetTalks.h */,
				0A7DF19510EFF86B0028D49B /* EventGetTalks.m */,
			);
			name = "API caller";
			sourceTree = "<group>";
		};
		0A8E195D10EE328E00F0F885 /* View controllers */ = {
			isa = PBXGroup;
			children = (
				28C286DF0D94DF7D0034E888 /* EventListViewController.h */,
				28C286E00D94DF7D0034E888 /* EventListViewController.m */,
				0AB4A60710EC37DB003A48FC /* EventDetailViewController.h */,
				0AB4A60810EC37DB003A48FC /* EventDetailViewController.m */,
				0A7DEDFD10EE844B0028D49B /* TalkDetailViewController.h */,
				0A7DEDFE10EE844B0028D49B /* TalkDetailViewController.m */,
				0A7DF07710EFAEAA0028D49B /* EventDescriptionViewController.h */,
				0A7DF07810EFAEAA0028D49B /* EventDescriptionViewController.m */,
				0A7DF2A210F00A560028D49B /* SplashScreenViewController.h */,
				0A7DF2A310F00A560028D49B /* SplashScreenViewController.m */,
			);
			name = "View controllers";
			sourceTree = "<group>";
		};
		0AB4A64B10ED5C9F003A48FC /* JSON */ = {
			isa = PBXGroup;
			children = (
				0AB4A64C10ED5C9F003A48FC /* JSON.h */,
				0AB4A64D10ED5C9F003A48FC /* NSObject+SBJSON.h */,
				0AB4A64E10ED5C9F003A48FC /* NSObject+SBJSON.m */,
				0AB4A64F10ED5C9F003A48FC /* NSString+SBJSON.h */,
				0AB4A65010ED5C9F003A48FC /* NSString+SBJSON.m */,
				0AB4A65110ED5C9F003A48FC /* SBJSON.h */,
				0AB4A65210ED5C9F003A48FC /* SBJSON.m */,
				0AB4A65310ED5C9F003A48FC /* SBJsonBase.h */,
				0AB4A65410ED5C9F003A48FC /* SBJsonBase.m */,
				0AB4A65510ED5C9F003A48FC /* SBJsonParser.h */,
				0AB4A65610ED5C9F003A48FC /* SBJsonParser.m */,
				0AB4A65710ED5C9F003A48FC /* SBJsonWriter.h */,
				0AB4A65810ED5C9F003A48FC /* SBJsonWriter.m */,
			);
			path = JSON;
			sourceTree = "<group>";
		};
		0AB4A69B10ED882A003A48FC /* Models */ = {
			isa = PBXGroup;
			children = (
				0AB4A69C10ED8986003A48FC /* EventDetailModel.h */,
				0AB4A69D10ED8986003A48FC /* EventDetailModel.m */,
				0AB4A69F10ED8999003A48FC /* EventListModel.h */,
				0AB4A6A010ED8999003A48FC /* EventListModel.m */,
				0A7DED4D10EE79160028D49B /* TalkListModel.h */,
				0A7DED4E10EE79160028D49B /* TalkListModel.m */,
				0A7DED5010EE79200028D49B /* TalkDetailModel.h */,
				0A7DED5110EE79200028D49B /* TalkDetailModel.m */,
			);
			name = Models;
			sourceTree = "<group>";
		};
		0AB4A6CA10EE0818003A48FC /* Utils */ = {
			isa = PBXGroup;
			children = (
			);
			name = Utils;
			sourceTree = "<group>";
		};
		0AE8579B10F02419002C4C98 /* Images */ = {
			isa = PBXGroup;
			children = (
				0AE857A410F024A5002C4C98 /* rating-0.gif */,
				0AE857A510F024A5002C4C98 /* rating-1.gif */,
				0AE857A610F024A5002C4C98 /* rating-2.gif */,
				0AE857A710F024A5002C4C98 /* rating-3.gif */,
				0AE857A810F024A5002C4C98 /* rating-4.gif */,
				0AE857A910F024A5002C4C98 /* rating-5.gif */,
				0AF709C710F01EB600CDEBE6 /* Default.png */,
				0AE8578F10F0214E002C4C98 /* appicon.png */,
				0AF7099310F01AFE00CDEBE6 /* logo.gif */,
			);
			name = Images;
			sourceTree = "<group>";
		};
		0AE8579C10F02426002C4C98 /* NIB files */ = {
			isa = PBXGroup;
			children = (
				28F335F01007B36200424DE2 /* EventListView.xib */,
				28AD735F0D9D9599002E5188 /* MainWindow.xib */,
				0A7DEDFF10EE844B0028D49B /* TalkDetailView.xib */,
				0A7DEFF610EEDC510028D49B /* EventDetailViewFixed.xib */,
				0A7DF07910EFAEAA0028D49B /* EventDescriptionView.xib */,
				0AF708F510F0107200CDEBE6 /* SplashScreenView.xib */,
			);
			name = "NIB files";
			sourceTree = "<group>";
		};
		19C28FACFE9D520D11CA2CBB /* Products */ = {
			isa = PBXGroup;
			children = (
				1D6058910D05DD3D006BFB54 /* joindinapp.app */,
			);
			name = Products;
			sourceTree = "<group>";
		};
		29B97314FDCFA39411CA2CEA /* CustomTemplate */ = {
			isa = PBXGroup;
			children = (
				080E96DDFE201D6D7F000001 /* Classes */,
				29B97315FDCFA39411CA2CEA /* Other Sources */,
				29B97317FDCFA39411CA2CEA /* Resources */,
				29B97323FDCFA39411CA2CEA /* Frameworks */,
				19C28FACFE9D520D11CA2CBB /* Products */,
			);
			name = CustomTemplate;
			sourceTree = "<group>";
		};
		29B97315FDCFA39411CA2CEA /* Other Sources */ = {
			isa = PBXGroup;
			children = (
				28A0AAE50D9B0CCF005BE974 /* joindinapp_Prefix.pch */,
				29B97316FDCFA39411CA2CEA /* main.m */,
			);
			name = "Other Sources";
			sourceTree = "<group>";
		};
		29B97317FDCFA39411CA2CEA /* Resources */ = {
			isa = PBXGroup;
			children = (
				0AE8579C10F02426002C4C98 /* NIB files */,
				0AE8579B10F02419002C4C98 /* Images */,
				8D1107310486CEB800E47090 /* joindinapp-Info.plist */,
				0A6D1E3E10EE561700E941EE /* Entitlements.plist */,
			);
			name = Resources;
			sourceTree = "<group>";
		};
		29B97323FDCFA39411CA2CEA /* Frameworks */ = {
			isa = PBXGroup;
			children = (
				1DF5F4DF0D08C38300B7A737 /* UIKit.framework */,
				1D30AB110D05D00D00671497 /* Foundation.framework */,
				2892E40F0DC94CBA00A64D0F /* CoreGraphics.framework */,
			);
			name = Frameworks;
			sourceTree = "<group>";
		};
/* End PBXGroup section */

/* Begin PBXNativeTarget section */
		1D6058900D05DD3D006BFB54 /* joindinapp */ = {
			isa = PBXNativeTarget;
			buildConfigurationList = 1D6058960D05DD3E006BFB54 /* Build configuration list for PBXNativeTarget "joindinapp" */;
			buildPhases = (
				1D60588D0D05DD3D006BFB54 /* Resources */,
				1D60588E0D05DD3D006BFB54 /* Sources */,
				1D60588F0D05DD3D006BFB54 /* Frameworks */,
			);
			buildRules = (
			);
			dependencies = (
			);
			name = joindinapp;
			productName = joindinapp;
			productReference = 1D6058910D05DD3D006BFB54 /* joindinapp.app */;
			productType = "com.apple.product-type.application";
		};
/* End PBXNativeTarget section */

/* Begin PBXProject section */
		29B97313FDCFA39411CA2CEA /* Project object */ = {
			isa = PBXProject;
			buildConfigurationList = C01FCF4E08A954540054247B /* Build configuration list for PBXProject "joindinapp" */;
			compatibilityVersion = "Xcode 3.1";
			hasScannedForEncodings = 1;
			knownRegions = (
				English,
				Japanese,
				French,
				German,
				en,
			);
			mainGroup = 29B97314FDCFA39411CA2CEA /* CustomTemplate */;
			projectDirPath = "";
			projectRoot = "";
			targets = (
				1D6058900D05DD3D006BFB54 /* joindinapp */,
			);
		};
/* End PBXProject section */

/* Begin PBXResourcesBuildPhase section */
		1D60588D0D05DD3D006BFB54 /* Resources */ = {
			isa = PBXResourcesBuildPhase;
			buildActionMask = 2147483647;
			files = (
				28AD73600D9D9599002E5188 /* MainWindow.xib in Resources */,
				28F335F11007B36200424DE2 /* EventListView.xib in Resources */,
				0A6D1E3F10EE561700E941EE /* Entitlements.plist in Resources */,
				0A7DEE0110EE844B0028D49B /* TalkDetailView.xib in Resources */,
				0A7DEFF710EEDC510028D49B /* EventDetailViewFixed.xib in Resources */,
				0A7DF07B10EFAEAA0028D49B /* EventDescriptionView.xib in Resources */,
				0AF708F610F0107200CDEBE6 /* SplashScreenView.xib in Resources */,
				0AF7099410F01AFE00CDEBE6 /* logo.gif in Resources */,
				0AF709C810F01EB600CDEBE6 /* Default.png in Resources */,
				0AE8579010F0214E002C4C98 /* appicon.png in Resources */,
				0AE857AA10F024A5002C4C98 /* rating-0.gif in Resources */,
				0AE857AB10F024A5002C4C98 /* rating-1.gif in Resources */,
				0AE857AC10F024A5002C4C98 /* rating-2.gif in Resources */,
				0AE857AD10F024A5002C4C98 /* rating-3.gif in Resources */,
				0AE857AE10F024A5002C4C98 /* rating-4.gif in Resources */,
				0AE857AF10F024A5002C4C98 /* rating-5.gif in Resources */,
			);
			runOnlyForDeploymentPostprocessing = 0;
		};
/* End PBXResourcesBuildPhase section */

/* Begin PBXSourcesBuildPhase section */
		1D60588E0D05DD3D006BFB54 /* Sources */ = {
			isa = PBXSourcesBuildPhase;
			buildActionMask = 2147483647;
			files = (
				1D60589B0D05DD56006BFB54 /* main.m in Sources */,
				1D3623260D0F684500981E51 /* joindinappAppDelegate.m in Sources */,
				28C286E10D94DF7D0034E888 /* EventListViewController.m in Sources */,
				0AB4A60A10EC37DB003A48FC /* EventDetailViewController.m in Sources */,
				0AB4A65910ED5C9F003A48FC /* NSObject+SBJSON.m in Sources */,
				0AB4A65A10ED5C9F003A48FC /* NSString+SBJSON.m in Sources */,
				0AB4A65B10ED5C9F003A48FC /* SBJSON.m in Sources */,
				0AB4A65C10ED5C9F003A48FC /* SBJsonBase.m in Sources */,
				0AB4A65D10ED5C9F003A48FC /* SBJsonParser.m in Sources */,
				0AB4A65E10ED5C9F003A48FC /* SBJsonWriter.m in Sources */,
				0AB4A69E10ED8986003A48FC /* EventDetailModel.m in Sources */,
				0AB4A6A110ED8999003A48FC /* EventListModel.m in Sources */,
				0AB4A6D610EE0BBC003A48FC /* APICaller.m in Sources */,
				0A7DED4F10EE79160028D49B /* TalkListModel.m in Sources */,
				0A7DED5210EE79200028D49B /* TalkDetailModel.m in Sources */,
				0A7DEE0010EE844B0028D49B /* TalkDetailViewController.m in Sources */,
				0A7DF07A10EFAEAA0028D49B /* EventDescriptionViewController.m in Sources */,
				0A7DF15C10EFEF060028D49B /* EventGetEventList.m in Sources */,
				0A7DF19610EFF86B0028D49B /* EventGetTalks.m in Sources */,
				0A7DF2A510F00A560028D49B /* SplashScreenViewController.m in Sources */,
			);
			runOnlyForDeploymentPostprocessing = 0;
		};
/* End PBXSourcesBuildPhase section */

/* Begin XCBuildConfiguration section */
		0AE85D2810F50DC7002C4C98 /* Adhoc */ = {
			isa = XCBuildConfiguration;
			buildSettings = {
				ARCHS = "$(ARCHS_STANDARD_32_BIT)";
				CODE_SIGN_ENTITLEMENTS = Entitlements.plist;
				"CODE_SIGN_IDENTITY[sdk=iphoneos*]" = "iPhone Distribution";
				GCC_C_LANGUAGE_STANDARD = c99;
				GCC_WARN_ABOUT_RETURN_TYPE = YES;
				GCC_WARN_UNUSED_VARIABLE = YES;
				PREBINDING = NO;
				"PROVISIONING_PROFILE[sdk=iphoneos*]" = "";
				SDKROOT = iphoneos3.0;
			};
			name = Adhoc;
		};
		0AE85D2910F50DC7002C4C98 /* Adhoc */ = {
			isa = XCBuildConfiguration;
			buildSettings = {
				ALWAYS_SEARCH_USER_PATHS = NO;
				COPY_PHASE_STRIP = NO;
				GCC_DYNAMIC_NO_PIC = NO;
				GCC_OPTIMIZATION_LEVEL = 0;
				GCC_PRECOMPILE_PREFIX_HEADER = YES;
				GCC_PREFIX_HEADER = joindinapp_Prefix.pch;
				INFOPLIST_FILE = "joindinapp-Info.plist";
				PRODUCT_NAME = joindinapp;
			};
			name = Adhoc;
		};
		1D6058940D05DD3E006BFB54 /* Debug */ = {
			isa = XCBuildConfiguration;
			buildSettings = {
				ALWAYS_SEARCH_USER_PATHS = NO;
				COPY_PHASE_STRIP = NO;
				GCC_DYNAMIC_NO_PIC = NO;
				GCC_OPTIMIZATION_LEVEL = 0;
				GCC_PRECOMPILE_PREFIX_HEADER = YES;
				GCC_PREFIX_HEADER = joindinapp_Prefix.pch;
				INFOPLIST_FILE = "joindinapp-Info.plist";
				PRODUCT_NAME = joindinapp;
			};
			name = Debug;
		};
		1D6058950D05DD3E006BFB54 /* Release */ = {
			isa = XCBuildConfiguration;
			buildSettings = {
				ALWAYS_SEARCH_USER_PATHS = NO;
				COPY_PHASE_STRIP = YES;
				GCC_PRECOMPILE_PREFIX_HEADER = YES;
				GCC_PREFIX_HEADER = joindinapp_Prefix.pch;
				INFOPLIST_FILE = "joindinapp-Info.plist";
				PRODUCT_NAME = joindinapp;
			};
			name = Release;
		};
		C01FCF4F08A954540054247B /* Debug */ = {
			isa = XCBuildConfiguration;
			buildSettings = {
				ARCHS = "$(ARCHS_STANDARD_32_BIT)";
				CODE_SIGN_ENTITLEMENTS = Entitlements.plist;
				"CODE_SIGN_IDENTITY[sdk=iphoneos*]" = "iPhone Developer";
				GCC_C_LANGUAGE_STANDARD = c99;
				GCC_WARN_ABOUT_RETURN_TYPE = YES;
				GCC_WARN_UNUSED_VARIABLE = YES;
				PREBINDING = NO;
				SDKROOT = iphoneos3.0;
			};
			name = Debug;
		};
		C01FCF5008A954540054247B /* Release */ = {
			isa = XCBuildConfiguration;
			buildSettings = {
				ARCHS = "$(ARCHS_STANDARD_32_BIT)";
				CODE_SIGN_ENTITLEMENTS = Entitlements.plist;
				"CODE_SIGN_IDENTITY[sdk=iphoneos*]" = "iPhone Developer";
				GCC_C_LANGUAGE_STANDARD = c99;
				GCC_WARN_ABOUT_RETURN_TYPE = YES;
				GCC_WARN_UNUSED_VARIABLE = YES;
				PREBINDING = NO;
				SDKROOT = iphoneos3.0;
			};
			name = Release;
		};
/* End XCBuildConfiguration section */

/* Begin XCConfigurationList section */
		1D6058960D05DD3E006BFB54 /* Build configuration list for PBXNativeTarget "joindinapp" */ = {
			isa = XCConfigurationList;
			buildConfigurations = (
				1D6058940D05DD3E006BFB54 /* Debug */,
				0AE85D2910F50DC7002C4C98 /* Adhoc */,
				1D6058950D05DD3E006BFB54 /* Release */,
			);
			defaultConfigurationIsVisible = 0;
			defaultConfigurationName = Release;
		};
		C01FCF4E08A954540054247B /* Build configuration list for PBXProject "joindinapp" */ = {
			isa = XCConfigurationList;
			buildConfigurations = (
				C01FCF4F08A954540054247B /* Debug */,
				0AE85D2810F50DC7002C4C98 /* Adhoc */,
				C01FCF5008A954540054247B /* Release */,
			);
			defaultConfigurationIsVisible = 0;
			defaultConfigurationName = Release;
		};
/* End XCConfigurationList section */
	};
	rootObject = 29B97313FDCFA39411CA2CEA /* Project object */;
}
